
Microsoft Visual Studio Solution File, Format Version 12.00
# Visual Studio Version 17
VisualStudioVersion = 17.4.33110.190
MinimumVisualStudioVersion = 10.0.40219.1
Project("{FAE04EC0-301F-11D3-BF4B-00C04F79EFBC}") = "MerdgeSortedLists", "MerdgeSortedLists.csproj", "{5C7DE84C-1407-464C-B7FF-A0864C6FED80}"
EndProject
Project("{FAE04EC0-301F-11D3-BF4B-00C04F79EFBC}") = "ClimbingStairs", "..\climbing-stairs\ClimbingStairs.csproj", "{66E2B25C-B188-4621-A4A5-F4FA2A828588}"
EndProject
Global
	GlobalSection(SolutionConfigurationPlatforms) = preSolution
		Debug|Any CPU = Debug|Any CPU
		Release|Any CPU = Release|Any CPU
	EndGlobalSection
	GlobalSection(ProjectConfigurationPlatforms) = postSolution
		{5C7DE84C-1407-464C-B7FF-A0864C6FED80}.Debug|Any CPU.ActiveCfg = Debug|Any CPU
		{5C7DE84C-1407-464C-B7FF-A0864C6FED80}.Debug|Any CPU.Build.0 = Debug|Any CPU
		{5C7DE84C-1407-464C-B7FF-A0864C6FED80}.Release|Any CPU.ActiveCfg = Release|Any CPU
		{5C7DE84C-1407-464C-B7FF-A0864C6FED80}.Release|Any CPU.Build.0 = Release|Any CPU
		{66E2B25C-B188-4621-A4A5-F4FA2A828588}.Debug|Any CPU.ActiveCfg = Debug|Any CPU
		{66E2B25C-B188-4621-A4A5-F4FA2A828588}.Debug|Any CPU.Build.0 = Debug|Any CPU
		{66E2B25C-B188-4621-A4A5-F4FA2A828588}.Release|Any CPU.ActiveCfg = Release|Any CPU
		{66E2B25C-B188-4621-A4A5-F4FA2A828588}.Release|Any CPU.Build.0 = Release|Any CPU
	EndGlobalSection
	GlobalSection(SolutionProperties) = preSolution
		HideSolutionNode = FALSE
	EndGlobalSection
	GlobalSection(ExtensibilityGlobals) = postSolution
		SolutionGuid = {4AD40B18-3314-44B5-AD2D-45E0988DC94F}
	EndGlobalSection
EndGlobal
